{
    "_readme": [
        "This file locks the dependencies of your project to a known state",
        "Read more about it at https://getcomposer.org/doc/01-basic-usage.md#composer-lock-the-lock-file",
        "This file is @generated automatically"
    ],
    "content-hash": "c4052c7d7307dcf611cb1617b55fbcf0",
    "packages": [
        {
            "name": "ninvfeng/mongodb",
            "version": "dev-develop",
            "source": {
                "type": "git",
                "url": "https://github.com/ninvfeng/mongodb.git",
                "reference": "773ff72aa75c27f766cf5ec7803db184c3dbbe43"
            },
            "dist": {
                "type": "zip",
                "url": "https://files.phpcomposer.com/files/ninvfeng/mongodb/773ff72aa75c27f766cf5ec7803db184c3dbbe43.zip",
                "reference": "773ff72aa75c27f766cf5ec7803db184c3dbbe43",
                "shasum": ""
            },
            "require": {
                "php": ">=7.0.0"
            },
            "type": "library",
            "autoload": {
                "psr-4": {
                    "ninvfeng\\mongodb\\": "src/"
                }
            },
            "notification-url": "https://packagist.org/downloads/",
            "license": [
                "MIT"
            ],
            "authors": [
                {
                    "name": "ninvfeng",
                    "email": "ninvfeng@qq.com"
                }
            ],
            "description": "一个简单php7 mongodb数据库操作类",
            "keywords": [
                "mongodb",
                "php"
            ],
            "time": "2018-02-01T01:42:47+00:00"
        },
        {
            "name": "ninvfeng/mysql",
            "version": "dev-develop",
            "source": {
                "type": "git",
                "url": "https://github.com/ninvfeng/mysql.git",
                "reference": "e04110faaf82194e5db8593a9a7e03b3cea18440"
            },
            "dist": {
                "type": "zip",
                "url": "https://files.phpcomposer.com/files/ninvfeng/mysql/e04110faaf82194e5db8593a9a7e03b3cea18440.zip",
                "reference": "e04110faaf82194e5db8593a9a7e03b3cea18440",
                "shasum": ""
            },
            "require": {
                "php": ">=7.0.0"
            },
            "type": "library",
            "autoload": {
                "psr-4": {
                    "ninvfeng\\": "src/"
                }
            },
            "notification-url": "https://packagist.org/downloads/",
            "license": [
                "MIT"
            ],
            "authors": [
                {
                    "name": "ninvfeng",
                    "email": "ninvfeng@qq.com"
                }
            ],
            "description": "一个简单PDO mysql数据库操作类",
            "keywords": [
                "mysql",
                "php"
            ],
            "time": "2018-02-03T03:48:02+00:00"
        },
        {
            "name": "topthink/think-validate",
            "version": "1.0.1",
            "source": {
                "type": "git",
                "url": "https://github.com/top-think/think-validate.git",
                "reference": "2fd2f1305b0d013f235679bfcb398a37d400b0e5"
            },
            "dist": {
                "type": "zip",
                "url": "https://files.phpcomposer.com/files/top-think/think-validate/2fd2f1305b0d013f235679bfcb398a37d400b0e5.zip",
                "reference": "2fd2f1305b0d013f235679bfcb398a37d400b0e5",
                "shasum": ""
            },
            "require": {
                "php": ">=5.6.0"
            },
            "type": "library",
            "autoload": {
                "psr-4": {
                    "think\\": "src"
                },
                "files": []
            },
            "notification-url": "https://packagist.org/downloads/",
            "license": [
                "Apache-2.0"
            ],
            "authors": [
                {
                    "name": "liu21st",
                    "email": "liu21st@gmail.com"
                }
            ],
            "description": "think validate",
            "time": "2017-11-17T03:58:39+00:00"
        }
    ],
    "packages-dev": [],
    "aliases": [],
    "minimum-stability": "stable",
    "stability-flags": {
        "ninvfeng/mongodb": 20,
        "ninvfeng/mysql": 20
    },
    "prefer-stable": false,
    "prefer-lowest": false,
    "platform": {
        "php": ">=7.0.0"
    },
    "platform-dev": []
}
